
Microsoft Visual Studio Solution File, Format Version 12.00
# Visual Studio Version 16
VisualStudioVersion = 16.0.30128.74
MinimumVisualStudioVersion = 10.0.40219.1
Project("{8BC9CEB8-8B4A-11D0-8D11-00A0C91BC942}") = "phalanx", "phalanx\phalanx.vcxproj", "{1709BBFA-F0EA-4C0B-8794-26F7DE5AC499}"
EndProject
Global
	GlobalSection(SolutionConfigurationPlatforms) = preSolution
		Debug|x64 = Debug|x64
		Debug|x86 = Debug|x86
		Release|x64 = Release|x64
		Release|x86 = Release|x86
	EndGlobalSection
	GlobalSection(ProjectConfigurationPlatforms) = postSolution
		{1709BBFA-F0EA-4C0B-8794-26F7DE5AC499}.Debug|x64.ActiveCfg = Debug|x64
		{1709BBFA-F0EA-4C0B-8794-26F7DE5AC499}.Debug|x64.Build.0 = Debug|x64
		{1709BBFA-F0EA-4C0B-8794-26F7DE5AC499}.Debug|x86.ActiveCfg = Debug|Win32
		{1709BBFA-F0EA-4C0B-8794-26F7DE5AC499}.Debug|x86.Build.0 = Debug|Win32
		{1709BBFA-F0EA-4C0B-8794-26F7DE5AC499}.Release|x64.ActiveCfg = Release|x64
		{1709BBFA-F0EA-4C0B-8794-26F7DE5AC499}.Release|x64.Build.0 = Release|x64
		{1709BBFA-F0EA-4C0B-8794-26F7DE5AC499}.Release|x86.ActiveCfg = Release|Win32
		{1709BBFA-F0EA-4C0B-8794-26F7DE5AC499}.Release|x86.Build.0 = Release|Win32
	EndGlobalSection
	GlobalSection(SolutionProperties) = preSolution
		HideSolutionNode = FALSE
	EndGlobalSection
	GlobalSection(ExtensibilityGlobals) = postSolution
		SolutionGuid = {D690F212-D332-4D73-B893-DDA76E4463DB}
	EndGlobalSection
EndGlobal
